// !$*UTF8*$!
{
	archiveVersion = 1;
	classes = {
	};
	objectVersion = 46;
	objects = {

/* Begin PBXBuildFile section */
		325AFF6D1846D17C00AA6BD2 /* Foundation.framework in Frameworks */ = {isa = PBXBuildFile; fileRef = 325AFF6C1846D17C00AA6BD2 /* Foundation.framework */; };
		325AFF6F1846D17C00AA6BD2 /* CoreGraphics.framework in Frameworks */ = {isa = PBXBuildFile; fileRef = 325AFF6E1846D17C00AA6BD2 /* CoreGraphics.framework */; };
		325AFF711846D17C00AA6BD2 /* UIKit.framework in Frameworks */ = {isa = PBXBuildFile; fileRef = 325AFF701846D17C00AA6BD2 /* UIKit.framework */; };
		325AFF771846D17C00AA6BD2 /* InfoPlist.strings in Resources */ = {isa = PBXBuildFile; fileRef = 325AFF751846D17C00AA6BD2 /* InfoPlist.strings */; };
		325AFF791846D17C00AA6BD2 /* main.m in Sources */ = {isa = PBXBuildFile; fileRef = 325AFF781846D17C00AA6BD2 /* main.m */; };
		325AFF7D1846D17C00AA6BD2 /* CanaryAppDelegate.m in Sources */ = {isa = PBXBuildFile; fileRef = 325AFF7C1846D17C00AA6BD2 /* CanaryAppDelegate.m */; };
		325AFF801846D17C00AA6BD2 /* Main.storyboard in Resources */ = {isa = PBXBuildFile; fileRef = 325AFF7E1846D17C00AA6BD2 /* Main.storyboard */; };
		325AFF831846D17C00AA6BD2 /* CanaryViewController.m in Sources */ = {isa = PBXBuildFile; fileRef = 325AFF821846D17C00AA6BD2 /* CanaryViewController.m */; };
		325AFF851846D17C00AA6BD2 /* Images.xcassets in Resources */ = {isa = PBXBuildFile; fileRef = 325AFF841846D17C00AA6BD2 /* Images.xcassets */; };
		325AFF8C1846D17C00AA6BD2 /* XCTest.framework in Frameworks */ = {isa = PBXBuildFile; fileRef = 325AFF8B1846D17C00AA6BD2 /* XCTest.framework */; };
		325AFF8D1846D17C00AA6BD2 /* Foundation.framework in Frameworks */ = {isa = PBXBuildFile; fileRef = 325AFF6C1846D17C00AA6BD2 /* Foundation.framework */; };
		325AFF8E1846D17C00AA6BD2 /* UIKit.framework in Frameworks */ = {isa = PBXBuildFile; fileRef = 325AFF701846D17C00AA6BD2 /* UIKit.framework */; };
		325AFF961846D17C00AA6BD2 /* InfoPlist.strings in Resources */ = {isa = PBXBuildFile; fileRef = 325AFF941846D17C00AA6BD2 /* InfoPlist.strings */; };
		325AFF981846D17C00AA6BD2 /* GeolocationAttachmentTests.m in Sources */ = {isa = PBXBuildFile; fileRef = 325AFF971846D17C00AA6BD2 /* GeolocationAttachmentTests.m */; };
/* End PBXBuildFile section */

/* Begin PBXContainerItemProxy section */
		325AFF8F1846D17C00AA6BD2 /* PBXContainerItemProxy */ = {
			isa = PBXContainerItemProxy;
			containerPortal = 325AFF611846D17C00AA6BD2 /* Project object */;
			proxyType = 1;
			remoteGlobalIDString = 325AFF681846D17C00AA6BD2;
			remoteInfo = GeolocationAttachment;
		};
/* End PBXContainerItemProxy section */

/* Begin PBXFileReference section */
		325AFF691846D17C00AA6BD2 /* GeolocationAttachment.app */ = {isa = PBXFileReference; explicitFileType = wrapper.application; includeInIndex = 0; path = GeolocationAttachment.app; sourceTree = BUILT_PRODUCTS_DIR; };
		325AFF6C1846D17C00AA6BD2 /* Foundation.framework */ = {isa = PBXFileReference; lastKnownFileType = wrapper.framework; name = Foundation.framework; path = System/Library/Frameworks/Foundation.framework; sourceTree = SDKROOT; };
		325AFF6E1846D17C00AA6BD2 /* CoreGraphics.framework */ = {isa = PBXFileReference; lastKnownFileType = wrapper.framework; name = CoreGraphics.framework; path = System/Library/Frameworks/CoreGraphics.framework; sourceTree = SDKROOT; };
		325AFF701846D17C00AA6BD2 /* UIKit.framework */ = {isa = PBXFileReference; lastKnownFileType = wrapper.framework; name = UIKit.framework; path = System/Library/Frameworks/UIKit.framework; sourceTree = SDKROOT; };
		325AFF741846D17C00AA6BD2 /* GeolocationAttachment-Info.plist */ = {isa = PBXFileReference; lastKnownFileType = text.plist.xml; path = "GeolocationAttachment-Info.plist"; sourceTree = "<group>"; };
		325AFF761846D17C00AA6BD2 /* en */ = {isa = PBXFileReference; lastKnownFileType = text.plist.strings; name = en; path = en.lproj/InfoPlist.strings; sourceTree = "<group>"; };
		325AFF781846D17C00AA6BD2 /* main.m */ = {isa = PBXFileReference; lastKnownFileType = sourcecode.c.objc; path = main.m; sourceTree = "<group>"; };
		325AFF7A1846D17C00AA6BD2 /* GeolocationAttachment-Prefix.pch */ = {isa = PBXFileReference; lastKnownFileType = sourcecode.c.h; path = "GeolocationAttachment-Prefix.pch"; sourceTree = "<group>"; };
		325AFF7B1846D17C00AA6BD2 /* CanaryAppDelegate.h */ = {isa = PBXFileReference; lastKnownFileType = sourcecode.c.h; path = CanaryAppDelegate.h; sourceTree = "<group>"; };
		325AFF7C1846D17C00AA6BD2 /* CanaryAppDelegate.m */ = {isa = PBXFileReference; lastKnownFileType = sourcecode.c.objc; path = CanaryAppDelegate.m; sourceTree = "<group>"; };
		325AFF7F1846D17C00AA6BD2 /* Base */ = {isa = PBXFileReference; lastKnownFileType = file.storyboard; name = Base; path = Base.lproj/Main.storyboard; sourceTree = "<group>"; };
		325AFF811846D17C00AA6BD2 /* CanaryViewController.h */ = {isa = PBXFileReference; lastKnownFileType = sourcecode.c.h; path = CanaryViewController.h; sourceTree = "<group>"; };
		325AFF821846D17C00AA6BD2 /* CanaryViewController.m */ = {isa = PBXFileReference; lastKnownFileType = sourcecode.c.objc; path = CanaryViewController.m; sourceTree = "<group>"; };
		325AFF841846D17C00AA6BD2 /* Images.xcassets */ = {isa = PBXFileReference; lastKnownFileType = folder.assetcatalog; path = Images.xcassets; sourceTree = "<group>"; };
		325AFF8A1846D17C00AA6BD2 /* GeolocationAttachmentTests.xctest */ = {isa = PBXFileReference; explicitFileType = wrapper.cfbundle; includeInIndex = 0; path = GeolocationAttachmentTests.xctest; sourceTree = BUILT_PRODUCTS_DIR; };
		325AFF8B1846D17C00AA6BD2 /* XCTest.framework */ = {isa = PBXFileReference; lastKnownFileType = wrapper.framework; name = XCTest.framework; path = Library/Frameworks/XCTest.framework; sourceTree = DEVELOPER_DIR; };
		325AFF931846D17C00AA6BD2 /* GeolocationAttachmentTests-Info.plist */ = {isa = PBXFileReference; lastKnownFileType = text.plist.xml; path = "GeolocationAttachmentTests-Info.plist"; sourceTree = "<group>"; };
		325AFF951846D17C00AA6BD2 /* en */ = {isa = PBXFileReference; lastKnownFileType = text.plist.strings; name = en; path = en.lproj/InfoPlist.strings; sourceTree = "<group>"; };
		325AFF971846D17C00AA6BD2 /* GeolocationAttachmentTests.m */ = {isa = PBXFileReference; lastKnownFileType = sourcecode.c.objc; path = GeolocationAttachmentTests.m; sourceTree = "<group>"; };
/* End PBXFileReference section */

/* Begin PBXFrameworksBuildPhase section */
		325AFF661846D17C00AA6BD2 /* Frameworks */ = {
			isa = PBXFrameworksBuildPhase;
			buildActionMask = 2147483647;
			files = (
				325AFF6F1846D17C00AA6BD2 /* CoreGraphics.framework in Frameworks */,
				325AFF711846D17C00AA6BD2 /* UIKit.framework in Frameworks */,
				325AFF6D1846D17C00AA6BD2 /* Foundation.framework in Frameworks */,
			);
			runOnlyForDeploymentPostprocessing = 0;
		};
		325AFF871846D17C00AA6BD2 /* Frameworks */ = {
			isa = PBXFrameworksBuildPhase;
			buildActionMask = 2147483647;
			files = (
				325AFF8C1846D17C00AA6BD2 /* XCTest.framework in Frameworks */,
				325AFF8E1846D17C00AA6BD2 /* UIKit.framework in Frameworks */,
				325AFF8D1846D17C00AA6BD2 /* Foundation.framework in Frameworks */,
			);
			runOnlyForDeploymentPostprocessing = 0;
		};
/* End PBXFrameworksBuildPhase section */

/* Begin PBXGroup section */
		325AFF601846D17C00AA6BD2 = {
			isa = PBXGroup;
			children = (
				325AFF721846D17C00AA6BD2 /* GeolocationAttachment */,
				325AFF911846D17C00AA6BD2 /* GeolocationAttachmentTests */,
				325AFF6B1846D17C00AA6BD2 /* Frameworks */,
				325AFF6A1846D17C00AA6BD2 /* Products */,
			);
			sourceTree = "<group>";
		};
		325AFF6A1846D17C00AA6BD2 /* Products */ = {
			isa = PBXGroup;
			children = (
				325AFF691846D17C00AA6BD2 /* GeolocationAttachment.app */,
				325AFF8A1846D17C00AA6BD2 /* GeolocationAttachmentTests.xctest */,
			);
			name = Products;
			sourceTree = "<group>";
		};
		325AFF6B1846D17C00AA6BD2 /* Frameworks */ = {
			isa = PBXGroup;
			children = (
				325AFF6C1846D17C00AA6BD2 /* Foundation.framework */,
				325AFF6E1846D17C00AA6BD2 /* CoreGraphics.framework */,
				325AFF701846D17C00AA6BD2 /* UIKit.framework */,
				325AFF8B1846D17C00AA6BD2 /* XCTest.framework */,
			);
			name = Frameworks;
			sourceTree = "<group>";
		};
		325AFF721846D17C00AA6BD2 /* GeolocationAttachment */ = {
			isa = PBXGroup;
			children = (
				325AFF7B1846D17C00AA6BD2 /* CanaryAppDelegate.h */,
				325AFF7C1846D17C00AA6BD2 /* CanaryAppDelegate.m */,
				325AFF7E1846D17C00AA6BD2 /* Main.storyboard */,
				325AFF811846D17C00AA6BD2 /* CanaryViewController.h */,
				325AFF821846D17C00AA6BD2 /* CanaryViewController.m */,
				325AFF841846D17C00AA6BD2 /* Images.xcassets */,
				325AFF731846D17C00AA6BD2 /* Supporting Files */,
			);
			path = GeolocationAttachment;
			sourceTree = "<group>";
		};
		325AFF731846D17C00AA6BD2 /* Supporting Files */ = {
			isa = PBXGroup;
			children = (
				325AFF741846D17C00AA6BD2 /* GeolocationAttachment-Info.plist */,
				325AFF751846D17C00AA6BD2 /* InfoPlist.strings */,
				325AFF781846D17C00AA6BD2 /* main.m */,
				325AFF7A1846D17C00AA6BD2 /* GeolocationAttachment-Prefix.pch */,
			);
			name = "Supporting Files";
			sourceTree = "<group>";
		};
		325AFF911846D17C00AA6BD2 /* GeolocationAttachmentTests */ = {
			isa = PBXGroup;
			children = (
				325AFF971846D17C00AA6BD2 /* GeolocationAttachmentTests.m */,
				325AFF921846D17C00AA6BD2 /* Supporting Files */,
			);
			path = GeolocationAttachmentTests;
			sourceTree = "<group>";
		};
		325AFF921846D17C00AA6BD2 /* Supporting Files */ = {
			isa = PBXGroup;
			children = (
				325AFF931846D17C00AA6BD2 /* GeolocationAttachmentTests-Info.plist */,
				325AFF941846D17C00AA6BD2 /* InfoPlist.strings */,
			);
			name = "Supporting Files";
			sourceTree = "<group>";
		};
/* End PBXGroup section */

/* Begin PBXNativeTarget section */
		325AFF681846D17C00AA6BD2 /* GeolocationAttachment */ = {
			isa = PBXNativeTarget;
			buildConfigurationList = 325AFF9B1846D17C00AA6BD2 /* Build configuration list for PBXNativeTarget "GeolocationAttachment" */;
			buildPhases = (
				325AFF651846D17C00AA6BD2 /* Sources */,
				325AFF661846D17C00AA6BD2 /* Frameworks */,
				325AFF671846D17C00AA6BD2 /* Resources */,
			);
			buildRules = (
			);
			dependencies = (
			);
			name = GeolocationAttachment;
			productName = GeolocationAttachment;
			productReference = 325AFF691846D17C00AA6BD2 /* GeolocationAttachment.app */;
			productType = "com.apple.product-type.application";
		};
		325AFF891846D17C00AA6BD2 /* GeolocationAttachmentTests */ = {
			isa = PBXNativeTarget;
			buildConfigurationList = 325AFF9E1846D17C00AA6BD2 /* Build configuration list for PBXNativeTarget "GeolocationAttachmentTests" */;
			buildPhases = (
				325AFF861846D17C00AA6BD2 /* Sources */,
				325AFF871846D17C00AA6BD2 /* Frameworks */,
				325AFF881846D17C00AA6BD2 /* Resources */,
			);
			buildRules = (
			);
			dependencies = (
				325AFF901846D17C00AA6BD2 /* PBXTargetDependency */,
			);
			name = GeolocationAttachmentTests;
			productName = GeolocationAttachmentTests;
			productReference = 325AFF8A1846D17C00AA6BD2 /* GeolocationAttachmentTests.xctest */;
			productType = "com.apple.product-type.bundle.unit-test";
		};
/* End PBXNativeTarget section */

/* Begin PBXProject section */
		325AFF611846D17C00AA6BD2 /* Project object */ = {
			isa = PBXProject;
			attributes = {
				CLASSPREFIX = Canary;
				LastUpgradeCheck = 0500;
				ORGANIZATIONNAME = "Ken Zhou";
				TargetAttributes = {
					325AFF891846D17C00AA6BD2 = {
						TestTargetID = 325AFF681846D17C00AA6BD2;
					};
				};
			};
			buildConfigurationList = 325AFF641846D17C00AA6BD2 /* Build configuration list for PBXProject "GeolocationAttachment" */;
			compatibilityVersion = "Xcode 3.2";
			developmentRegion = English;
			hasScannedForEncodings = 0;
			knownRegions = (
				en,
				Base,
			);
			mainGroup = 325AFF601846D17C00AA6BD2;
			productRefGroup = 325AFF6A1846D17C00AA6BD2 /* Products */;
			projectDirPath = "";
			projectRoot = "";
			targets = (
				325AFF681846D17C00AA6BD2 /* GeolocationAttachment */,
				325AFF891846D17C00AA6BD2 /* GeolocationAttachmentTests */,
			);
		};
/* End PBXProject section */

/* Begin PBXResourcesBuildPhase section */
		325AFF671846D17C00AA6BD2 /* Resources */ = {
			isa = PBXResourcesBuildPhase;
			buildActionMask = 2147483647;
			files = (
				325AFF851846D17C00AA6BD2 /* Images.xcassets in Resources */,
				325AFF771846D17C00AA6BD2 /* InfoPlist.strings in Resources */,
				325AFF801846D17C00AA6BD2 /* Main.storyboard in Resources */,
			);
			runOnlyForDeploymentPostprocessing = 0;
		};
		325AFF881846D17C00AA6BD2 /* Resources */ = {
			isa = PBXResourcesBuildPhase;
			buildActionMask = 2147483647;
			files = (
				325AFF961846D17C00AA6BD2 /* InfoPlist.strings in Resources */,
			);
			runOnlyForDeploymentPostprocessing = 0;
		};
/* End PBXResourcesBuildPhase section */

/* Begin PBXSourcesBuildPhase section */
		325AFF651846D17C00AA6BD2 /* Sources */ = {
			isa = PBXSourcesBuildPhase;
			buildActionMask = 2147483647;
			files = (
				325AFF7D1846D17C00AA6BD2 /* CanaryAppDelegate.m in Sources */,
				325AFF831846D17C00AA6BD2 /* CanaryViewController.m in Sources */,
				325AFF791846D17C00AA6BD2 /* main.m in Sources */,
			);
			runOnlyForDeploymentPostprocessing = 0;
		};
		325AFF861846D17C00AA6BD2 /* Sources */ = {
			isa = PBXSourcesBuildPhase;
			buildActionMask = 2147483647;
			files = (
				325AFF981846D17C00AA6BD2 /* GeolocationAttachmentTests.m in Sources */,
			);
			runOnlyForDeploymentPostprocessing = 0;
		};
/* End PBXSourcesBuildPhase section */

/* Begin PBXTargetDependency section */
		325AFF901846D17C00AA6BD2 /* PBXTargetDependency */ = {
			isa = PBXTargetDependency;
			target = 325AFF681846D17C00AA6BD2 /* GeolocationAttachment */;
			targetProxy = 325AFF8F1846D17C00AA6BD2 /* PBXContainerItemProxy */;
		};
/* End PBXTargetDependency section */

/* Begin PBXVariantGroup section */
		325AFF751846D17C00AA6BD2 /* InfoPlist.strings */ = {
			isa = PBXVariantGroup;
			children = (
				325AFF761846D17C00AA6BD2 /* en */,
			);
			name = InfoPlist.strings;
			sourceTree = "<group>";
		};
		325AFF7E1846D17C00AA6BD2 /* Main.storyboard */ = {
			isa = PBXVariantGroup;
			children = (
				325AFF7F1846D17C00AA6BD2 /* Base */,
			);
			name = Main.storyboard;
			sourceTree = "<group>";
		};
		325AFF941846D17C00AA6BD2 /* InfoPlist.strings */ = {
			isa = PBXVariantGroup;
			children = (
				325AFF951846D17C00AA6BD2 /* en */,
			);
			name = InfoPlist.strings;
			sourceTree = "<group>";
		};
/* End PBXVariantGroup section */

/* Begin XCBuildConfiguration section */
		325AFF991846D17C00AA6BD2 /* Debug */ = {
			isa = XCBuildConfiguration;
			buildSettings = {
				ALWAYS_SEARCH_USER_PATHS = NO;
				ARCHS = "$(ARCHS_STANDARD_INCLUDING_64_BIT)";
				CLANG_CXX_LANGUAGE_STANDARD = "gnu++0x";
				CLANG_CXX_LIBRARY = "libc++";
				CLANG_ENABLE_MODULES = YES;
				CLANG_ENABLE_OBJC_ARC = YES;
				CLANG_WARN_BOOL_CONVERSION = YES;
				CLANG_WARN_CONSTANT_CONVERSION = YES;
				CLANG_WARN_DIRECT_OBJC_ISA_USAGE = YES_ERROR;
				CLANG_WARN_EMPTY_BODY = YES;
				CLANG_WARN_ENUM_CONVERSION = YES;
				CLANG_WARN_INT_CONVERSION = YES;
				CLANG_WARN_OBJC_ROOT_CLASS = YES_ERROR;
				CLANG_WARN__DUPLICATE_METHOD_MATCH = YES;
				"CODE_SIGN_IDENTITY[sdk=iphoneos*]" = "iPhone Developer";
				COPY_PHASE_STRIP = NO;
				GCC_C_LANGUAGE_STANDARD = gnu99;
				GCC_DYNAMIC_NO_PIC = NO;
				GCC_OPTIMIZATION_LEVEL = 0;
				GCC_PREPROCESSOR_DEFINITIONS = (
					"DEBUG=1",
					"$(inherited)",
				);
				GCC_SYMBOLS_PRIVATE_EXTERN = NO;
				GCC_WARN_64_TO_32_BIT_CONVERSION = YES;
				GCC_WARN_ABOUT_RETURN_TYPE = YES_ERROR;
				GCC_WARN_UNDECLARED_SELECTOR = YES;
				GCC_WARN_UNINITIALIZED_AUTOS = YES;
				GCC_WARN_UNUSED_FUNCTION = YES;
				GCC_WARN_UNUSED_VARIABLE = YES;
				IPHONEOS_DEPLOYMENT_TARGET = 7.0;
				ONLY_ACTIVE_ARCH = YES;
				SDKROOT = iphoneos;
			};
			name = Debug;
		};
		325AFF9A1846D17C00AA6BD2 /* Release */ = {
			isa = XCBuildConfiguration;
			buildSettings = {
				ALWAYS_SEARCH_USER_PATHS = NO;
				ARCHS = "$(ARCHS_STANDARD_INCLUDING_64_BIT)";
				CLANG_CXX_LANGUAGE_STANDARD = "gnu++0x";
				CLANG_CXX_LIBRARY = "libc++";
				CLANG_ENABLE_MODULES = YES;
				CLANG_ENABLE_OBJC_ARC = YES;
				CLANG_WARN_BOOL_CONVERSION = YES;
				CLANG_WARN_CONSTANT_CONVERSION = YES;
				CLANG_WARN_DIRECT_OBJC_ISA_USAGE = YES_ERROR;
				CLANG_WARN_EMPTY_BODY = YES;
				CLANG_WARN_ENUM_CONVERSION = YES;
				CLANG_WARN_INT_CONVERSION = YES;
				CLANG_WARN_OBJC_ROOT_CLASS = YES_ERROR;
				CLANG_WARN__DUPLICATE_METHOD_MATCH = YES;
				"CODE_SIGN_IDENTITY[sdk=iphoneos*]" = "iPhone Developer";
				COPY_PHASE_STRIP = YES;
				ENABLE_NS_ASSERTIONS = NO;
				GCC_C_LANGUAGE_STANDARD = gnu99;
				GCC_WARN_64_TO_32_BIT_CONVERSION = YES;
				GCC_WARN_ABOUT_RETURN_TYPE = YES_ERROR;
				GCC_WARN_UNDECLARED_SELECTOR = YES;
				GCC_WARN_UNINITIALIZED_AUTOS = YES;
				GCC_WARN_UNUSED_FUNCTION = YES;
				GCC_WARN_UNUSED_VARIABLE = YES;
				IPHONEOS_DEPLOYMENT_TARGET = 7.0;
				SDKROOT = iphoneos;
				VALIDATE_PRODUCT = YES;
			};
			name = Release;
		};
		325AFF9C1846D17C00AA6BD2 /* Debug */ = {
			isa = XCBuildConfiguration;
			buildSettings = {
				ASSETCATALOG_COMPILER_APPICON_NAME = AppIcon;
				ASSETCATALOG_COMPILER_LAUNCHIMAGE_NAME = LaunchImage;
				GCC_PRECOMPILE_PREFIX_HEADER = YES;
				GCC_PREFIX_HEADER = "GeolocationAttachment/GeolocationAttachment-Prefix.pch";
				INFOPLIST_FILE = "GeolocationAttachment/GeolocationAttachment-Info.plist";
				PRODUCT_NAME = "$(TARGET_NAME)";
				WRAPPER_EXTENSION = app;
			};
			name = Debug;
		};
		325AFF9D1846D17C00AA6BD2 /* Release */ = {
			isa = XCBuildConfiguration;
			buildSettings = {
				ASSETCATALOG_COMPILER_APPICON_NAME = AppIcon;
				ASSETCATALOG_COMPILER_LAUNCHIMAGE_NAME = LaunchImage;
				GCC_PRECOMPILE_PREFIX_HEADER = YES;
				GCC_PREFIX_HEADER = "GeolocationAttachment/GeolocationAttachment-Prefix.pch";
				INFOPLIST_FILE = "GeolocationAttachment/GeolocationAttachment-Info.plist";
				PRODUCT_NAME = "$(TARGET_NAME)";
				WRAPPER_EXTENSION = app;
			};
			name = Release;
		};
		325AFF9F1846D17C00AA6BD2 /* Debug */ = {
			isa = XCBuildConfiguration;
			buildSettings = {
				ARCHS = "$(ARCHS_STANDARD_INCLUDING_64_BIT)";
				BUNDLE_LOADER = "$(BUILT_PRODUCTS_DIR)/GeolocationAttachment.app/GeolocationAttachment";
				FRAMEWORK_SEARCH_PATHS = (
					"$(SDKROOT)/Developer/Library/Frameworks",
					"$(inherited)",
					"$(DEVELOPER_FRAMEWORKS_DIR)",
				);
				GCC_PRECOMPILE_PREFIX_HEADER = YES;
				GCC_PREFIX_HEADER = "GeolocationAttachment/GeolocationAttachment-Prefix.pch";
				GCC_PREPROCESSOR_DEFINITIONS = (
					"DEBUG=1",
					"$(inherited)",
				);
				INFOPLIST_FILE = "GeolocationAttachmentTests/GeolocationAttachmentTests-Info.plist";
				PRODUCT_NAME = "$(TARGET_NAME)";
				TEST_HOST = "$(BUNDLE_LOADER)";
				WRAPPER_EXTENSION = xctest;
			};
			name = Debug;
		};
		325AFFA01846D17C00AA6BD2 /* Release */ = {
			isa = XCBuildConfiguration;
			buildSettings = {
				ARCHS = "$(ARCHS_STANDARD_INCLUDING_64_BIT)";
				BUNDLE_LOADER = "$(BUILT_PRODUCTS_DIR)/GeolocationAttachment.app/GeolocationAttachment";
				FRAMEWORK_SEARCH_PATHS = (
					"$(SDKROOT)/Developer/Library/Frameworks",
					"$(inherited)",
					"$(DEVELOPER_FRAMEWORKS_DIR)",
				);
				GCC_PRECOMPILE_PREFIX_HEADER = YES;
				GCC_PREFIX_HEADER = "GeolocationAttachment/GeolocationAttachment-Prefix.pch";
				INFOPLIST_FILE = "GeolocationAttachmentTests/GeolocationAttachmentTests-Info.plist";
				PRODUCT_NAME = "$(TARGET_NAME)";
				TEST_HOST = "$(BUNDLE_LOADER)";
				WRAPPER_EXTENSION = xctest;
			};
			name = Release;
		};
/* End XCBuildConfiguration section */

/* Begin XCConfigurationList section */
		325AFF641846D17C00AA6BD2 /* Build configuration list for PBXProject "GeolocationAttachment" */ = {
			isa = XCConfigurationList;
			buildConfigurations = (
				325AFF991846D17C00AA6BD2 /* Debug */,
				325AFF9A1846D17C00AA6BD2 /* Release */,
			);
			defaultConfigurationIsVisible = 0;
			defaultConfigurationName = Release;
		};
		325AFF9B1846D17C00AA6BD2 /* Build configuration list for PBXNativeTarget "GeolocationAttachment" */ = {
			isa = XCConfigurationList;
			buildConfigurations = (
				325AFF9C1846D17C00AA6BD2 /* Debug */,
				325AFF9D1846D17C00AA6BD2 /* Release */,
			);
			defaultConfigurationIsVisible = 0;
		};
		325AFF9E1846D17C00AA6BD2 /* Build configuration list for PBXNativeTarget "GeolocationAttachmentTests" */ = {
			isa = XCConfigurationList;
			buildConfigurations = (
				325AFF9F1846D17C00AA6BD2 /* Debug */,
				325AFFA01846D17C00AA6BD2 /* Release */,
			);
			defaultConfigurationIsVisible = 0;
		};
/* End XCConfigurationList section */
	};
	rootObject = 325AFF611846D17C00AA6BD2 /* Project object */;
}
